
Microsoft Visual Studio Solution File, Format Version 12.00
# Visual Studio Version 16
VisualStudioVersion = 16.0.31025.194
MinimumVisualStudioVersion = 10.0.40219.1
Project("{FAE04EC0-301F-11D3-BF4B-00C04F79EFBC}") = "ControlProcess", "ControlProcess.csproj", "{3008E121-6D99-4536-B651-2703CD2080AA}"
EndProject
Global
	GlobalSection(SolutionConfigurationPlatforms) = preSolution
		Debug|Any CPU = Debug|Any CPU
		Release|Any CPU = Release|Any CPU
	EndGlobalSection
	GlobalSection(ProjectConfigurationPlatforms) = postSolution
		{3008E121-6D99-4536-B651-2703CD2080AA}.Debug|Any CPU.ActiveCfg = Debug|Any CPU
		{3008E121-6D99-4536-B651-2703CD2080AA}.Debug|Any CPU.Build.0 = Debug|Any CPU
		{3008E121-6D99-4536-B651-2703CD2080AA}.Release|Any CPU.ActiveCfg = Release|Any CPU
		{3008E121-6D99-4536-B651-2703CD2080AA}.Release|Any CPU.Build.0 = Release|Any CPU
	EndGlobalSection
	GlobalSection(SolutionProperties) = preSolution
		HideSolutionNode = FALSE
	EndGlobalSection
	GlobalSection(ExtensibilityGlobals) = postSolution
		SolutionGuid = {AE89E14D-87E8-4E4E-AE8C-D19CE88084D7}
	EndGlobalSection
EndGlobal
